
Microsoft Visual Studio Solution File, Format Version 12.00
# Visual Studio 15
VisualStudioVersion = 15.0.27130.2027
MinimumVisualStudioVersion = 10.0.40219.1
Project("{FAE04EC0-301F-11D3-BF4B-00C04F79EFBC}") = "Turmity", "Turmity\Turmity.csproj", "{126BA42E-6178-487A-B214-334C56B8672B}"
EndProject
Global
	GlobalSection(SolutionConfigurationPlatforms) = preSolution
		Debug|Any CPU = Debug|Any CPU
		Release|Any CPU = Release|Any CPU
	EndGlobalSection
	GlobalSection(ProjectConfigurationPlatforms) = postSolution
		{126BA42E-6178-487A-B214-334C56B8672B}.Debug|Any CPU.ActiveCfg = Debug|Any CPU
		{126BA42E-6178-487A-B214-334C56B8672B}.Debug|Any CPU.Build.0 = Debug|Any CPU
		{126BA42E-6178-487A-B214-334C56B8672B}.Release|Any CPU.ActiveCfg = Release|Any CPU
		{126BA42E-6178-487A-B214-334C56B8672B}.Release|Any CPU.Build.0 = Release|Any CPU
	EndGlobalSection
	GlobalSection(SolutionProperties) = preSolution
		HideSolutionNode = FALSE
	EndGlobalSection
	GlobalSection(ExtensibilityGlobals) = postSolution
		SolutionGuid = {95A53A0D-6812-4A6F-84E9-294F6E5B298A}
	EndGlobalSection
EndGlobal
